
Microsoft Visual Studio Solution File, Format Version 12.00
# Visual Studio Version 17
VisualStudioVersion = 17.0.31903.59
MinimumVisualStudioVersion = 10.0.40219.1
Project("{F2A71F9B-5D33-465A-A702-920D77279786}") = "Algs.Core", "Algs.Core\Algs.Core.fsproj", "{EAF21DB8-F7B9-4962-B2EA-DF00F636626F}"
EndProject
Project("{F2A71F9B-5D33-465A-A702-920D77279786}") = "Algs.Test", "Algs.Test\Algs.Test.fsproj", "{6B6A7404-A086-442B-A5DB-0FCFE2A5DE5A}"
EndProject
Global
	GlobalSection(SolutionConfigurationPlatforms) = preSolution
		Debug|Any CPU = Debug|Any CPU
		Release|Any CPU = Release|Any CPU
	EndGlobalSection
	GlobalSection(SolutionProperties) = preSolution
		HideSolutionNode = FALSE
	EndGlobalSection
	GlobalSection(ProjectConfigurationPlatforms) = postSolution
		{EAF21DB8-F7B9-4962-B2EA-DF00F636626F}.Debug|Any CPU.ActiveCfg = Debug|Any CPU
		{EAF21DB8-F7B9-4962-B2EA-DF00F636626F}.Debug|Any CPU.Build.0 = Debug|Any CPU
		{EAF21DB8-F7B9-4962-B2EA-DF00F636626F}.Release|Any CPU.ActiveCfg = Release|Any CPU
		{EAF21DB8-F7B9-4962-B2EA-DF00F636626F}.Release|Any CPU.Build.0 = Release|Any CPU
		{6B6A7404-A086-442B-A5DB-0FCFE2A5DE5A}.Debug|Any CPU.ActiveCfg = Debug|Any CPU
		{6B6A7404-A086-442B-A5DB-0FCFE2A5DE5A}.Debug|Any CPU.Build.0 = Debug|Any CPU
		{6B6A7404-A086-442B-A5DB-0FCFE2A5DE5A}.Release|Any CPU.ActiveCfg = Release|Any CPU
		{6B6A7404-A086-442B-A5DB-0FCFE2A5DE5A}.Release|Any CPU.Build.0 = Release|Any CPU
	EndGlobalSection
EndGlobal
